
Microsoft Visual Studio Solution File, Format Version 12.00
# Visual Studio Version 17
VisualStudioVersion = 17.1.32210.238
MinimumVisualStudioVersion = 10.0.40219.1
Project("{FAE04EC0-301F-11D3-BF4B-00C04F79EFBC}") = "SignupService", "SignupService\SignupService.csproj", "{509E4553-D22F-4250-AA7F-166D3B3448F0}"
EndProject
Project("{FAE04EC0-301F-11D3-BF4B-00C04F79EFBC}") = "SignUpServiceHost", "SignUpServiceHost\SignUpServiceHost.csproj", "{6847A180-B0C1-411A-854A-F97ABB90B92D}"
EndProject
Global
	GlobalSection(SolutionConfigurationPlatforms) = preSolution
		Debug|Any CPU = Debug|Any CPU
		Release|Any CPU = Release|Any CPU
	EndGlobalSection
	GlobalSection(ProjectConfigurationPlatforms) = postSolution
		{509E4553-D22F-4250-AA7F-166D3B3448F0}.Debug|Any CPU.ActiveCfg = Debug|Any CPU
		{509E4553-D22F-4250-AA7F-166D3B3448F0}.Debug|Any CPU.Build.0 = Debug|Any CPU
		{509E4553-D22F-4250-AA7F-166D3B3448F0}.Release|Any CPU.ActiveCfg = Release|Any CPU
		{509E4553-D22F-4250-AA7F-166D3B3448F0}.Release|Any CPU.Build.0 = Release|Any CPU
		{6847A180-B0C1-411A-854A-F97ABB90B92D}.Debug|Any CPU.ActiveCfg = Debug|Any CPU
		{6847A180-B0C1-411A-854A-F97ABB90B92D}.Debug|Any CPU.Build.0 = Debug|Any CPU
		{6847A180-B0C1-411A-854A-F97ABB90B92D}.Release|Any CPU.ActiveCfg = Release|Any CPU
		{6847A180-B0C1-411A-854A-F97ABB90B92D}.Release|Any CPU.Build.0 = Release|Any CPU
	EndGlobalSection
	GlobalSection(SolutionProperties) = preSolution
		HideSolutionNode = FALSE
	EndGlobalSection
	GlobalSection(ExtensibilityGlobals) = postSolution
		SolutionGuid = {775D9389-0537-4ABA-8FA3-47177002D699}
	EndGlobalSection
EndGlobal
