
Microsoft Visual Studio Solution File, Format Version 12.00
# Visual Studio Version 17
VisualStudioVersion = 17.1.32210.238
MinimumVisualStudioVersion = 10.0.40219.1
Project("{FAE04EC0-301F-11D3-BF4B-00C04F79EFBC}") = "KuberXService", "KuberXService\KuberXService.csproj", "{51234650-4B10-40DD-9E1C-439BDDC1664F}"
EndProject
Global
	GlobalSection(SolutionConfigurationPlatforms) = preSolution
		Debug|Any CPU = Debug|Any CPU
		Release|Any CPU = Release|Any CPU
	EndGlobalSection
	GlobalSection(ProjectConfigurationPlatforms) = postSolution
		{51234650-4B10-40DD-9E1C-439BDDC1664F}.Debug|Any CPU.ActiveCfg = Debug|Any CPU
		{51234650-4B10-40DD-9E1C-439BDDC1664F}.Debug|Any CPU.Build.0 = Debug|Any CPU
		{51234650-4B10-40DD-9E1C-439BDDC1664F}.Release|Any CPU.ActiveCfg = Release|Any CPU
		{51234650-4B10-40DD-9E1C-439BDDC1664F}.Release|Any CPU.Build.0 = Release|Any CPU
	EndGlobalSection
	GlobalSection(SolutionProperties) = preSolution
		HideSolutionNode = FALSE
	EndGlobalSection
	GlobalSection(ExtensibilityGlobals) = postSolution
		SolutionGuid = {B1998C27-72A6-4A12-97FE-A38482B0A5A5}
	EndGlobalSection
EndGlobal
